# This file is generated by running "yarn install" inside your project.
# Manual changes might be lost - proceed with caution!

__metadata:
  version: 4
  cacheKey: 8

"@babel/runtime@npm:7.12.18":
  version: 7.12.18
  resolution: "@babel/runtime@npm:7.12.18::__archiveUrl=https%3A%2F%2Fregistry.npmjs.org%2F%40babel%2Fruntime%2F-%2Fruntime-7.12.18.tgz"
  dependencies:
    regenerator-runtime: ^0.13.4
  checksum: 0ba38dc8d478584b0b5fb15fc2b7855f9f20561917bd434a66429d55d1165199d6161bc5fb087b87254712827f63561ff5196df66701e5647d67c7d0f557569a
  languageName: node
  linkType: hard

"@jest/types@npm:^26.6.2":
  version: 26.6.2
  resolution: "@jest/types@npm:26.6.2::__archiveUrl=https%3A%2F%2Fregistry.npmjs.org%2F%40jest%2Ftypes%2F-%2Ftypes-26.6.2.tgz"
  dependencies:
    "@types/istanbul-lib-coverage": ^2.0.0
    "@types/istanbul-reports": ^3.0.0
    "@types/node": "*"
    "@types/yargs": ^15.0.0
    chalk: ^4.0.0
  checksum: a0bd3d2f22f26ddb23f41fddf6e6a30bf4fab2ce79ec1cb6ce6fdfaf90a72e00f4c71da91ec61e13db3b10c41de22cf49d07c57ff2b59171d64b29f909c1d8d6
  languageName: node
  linkType: hard

"@types/istanbul-lib-coverage@npm:*, @types/istanbul-lib-coverage@npm:^2.0.0":
  version: 2.0.3
  resolution: "@types/istanbul-lib-coverage@npm:2.0.3::__archiveUrl=https%3A%2F%2Fregistry.npmjs.org%2F%40types%2Fistanbul-lib-coverage%2F-%2Fistanbul-lib-coverage-2.0.3.tgz"
  checksum: 0650cba4be8f464bee89b9de0b71a5ea3b5cc676ce24e1196b5d6a51542ce9e613ae4549bf19756bb33dbbbb32b47931040266100062bfb197c597d73e341eb0
  languageName: node
  linkType: hard

"@types/istanbul-lib-report@npm:*":
  version: 3.0.0
  resolution: "@types/istanbul-lib-report@npm:3.0.0::__archiveUrl=https%3A%2F%2Fregistry.npmjs.org%2F%40types%2Fistanbul-lib-report%2F-%2Fistanbul-lib-report-3.0.0.tgz"
  dependencies:
    "@types/istanbul-lib-coverage": "*"
  checksum: 656398b62dc288e1b5226f8880af98087233cdb90100655c989a09f3052b5775bf98ba58a16c5ae642fb66c61aba402e07a9f2bff1d1569e3b306026c59f3f36
  languageName: node
  linkType: hard

"@types/istanbul-reports@npm:^3.0.0":
  version: 3.0.1
  resolution: "@types/istanbul-reports@npm:3.0.1::__archiveUrl=https%3A%2F%2Fregistry.npmjs.org%2F%40types%2Fistanbul-reports%2F-%2Fistanbul-reports-3.0.1.tgz"
  dependencies:
    "@types/istanbul-lib-report": "*"
  checksum: f1ad54bc68f37f60b30c7915886b92f86b847033e597f9b34f2415acdbe5ed742fa559a0a40050d74cdba3b6a63c342cac1f3a64dba5b68b66a6941f4abd7903
  languageName: node
  linkType: hard

"@types/jest@npm:*, @types/jest@npm:^26.0.0":
  version: 26.0.24
  resolution: "@types/jest@npm:26.0.24::__archiveUrl=https%3A%2F%2Fregistry.npmjs.org%2F%40types%2Fjest%2F-%2Fjest-26.0.24.tgz"
  dependencies:
    jest-diff: ^26.0.0
    pretty-format: ^26.0.0
  checksum: ae39675412f08d884926254e9b12bfd2b5a4e4d204c94d3148cb942174a474930d0c60540133c968f22241d4712b7940c96cbc883096eb326a4d5b206fb78bd0
  languageName: node
  linkType: hard

"@types/node@npm:*":
  version: 16.4.2
  resolution: "@types/node@npm:16.4.2::__archiveUrl=https%3A%2F%2Fregistry.npmjs.org%2F%40types%2Fnode%2F-%2Fnode-16.4.2.tgz"
  checksum: d9b02aeb2b9633a8f0e18bd9d322a3ff6c937715b96ad1c80b5f941c46a3f97f2419ffabdb44a3c9305e7b82579aef852f0adfa2e755b7ab32d4334a4ca070c7
  languageName: node
  linkType: hard

"@types/node@npm:12.20.4":
  version: 12.20.4
  resolution: "@types/node@npm:12.20.4::__archiveUrl=https%3A%2F%2Fregistry.npmjs.org%2F%40types%2Fnode%2F-%2Fnode-12.20.4.tgz"
  checksum: 30f1f5d8159fcb968206706f0f943167731f3d0763602571af29676b1afdcfe3b41524442cacdee3853a456dcd11d0e3ab2bf28b6821dfa2749a4b393fe7b510
  languageName: node
  linkType: hard

"@types/prop-types@npm:*":
  version: 15.7.4
  resolution: "@types/prop-types@npm:15.7.4::__archiveUrl=https%3A%2F%2Fregistry.npmjs.org%2F%40types%2Fprop-types%2F-%2Fprop-types-15.7.4.tgz"
  checksum: ef6e1899e59b876c273811b1bd845022fc66d5a3d11cb38a25b6c566b30514ae38fe20a40f67622f362a4f4f7f9224e22d8da101cff3d6e97e11d7b4c307cfc1
  languageName: node
  linkType: hard

"@types/react-dom@npm:^17.0.5":
  version: 17.0.9
  resolution: "@types/react-dom@npm:17.0.9::__archiveUrl=https%3A%2F%2Fregistry.npmjs.org%2F%40types%2Freact-dom%2F-%2Freact-dom-17.0.9.tgz"
  dependencies:
    "@types/react": "*"
  checksum: b7e898e1a22643a371f58e801a3d1d8cf13a82d77063c24be73e840ef8d877ca1d04adc5db168d0dac3167dc050a26b1d70efc5fe8566a7f46a3c488a8322989
  languageName: node
  linkType: hard

"@types/react@npm:*, @types/react@npm:^17.0.8":
  version: 17.0.15
  resolution: "@types/react@npm:17.0.15::__archiveUrl=https%3A%2F%2Fregistry.npmjs.org%2F%40types%2Freact%2F-%2Freact-17.0.15.tgz"
  dependencies:
    "@types/prop-types": "*"
    "@types/scheduler": "*"
    csstype: ^3.0.2
  checksum: 4ee41e0c8d0e938f501f80ac75a5ee70b5e8cd5968a1f764960bf7b2694fd0d8ca01345f00325617130643b4af6e072bb3ade023dbc2bd2db7e73504b355b8d9
  languageName: node
  linkType: hard

"@types/scheduler@npm:*":
  version: 0.16.2
  resolution: "@types/scheduler@npm:0.16.2::__archiveUrl=https%3A%2F%2Fregistry.npmjs.org%2F%40types%2Fscheduler%2F-%2Fscheduler-0.16.2.tgz"
  checksum: b6b4dcfeae6deba2e06a70941860fb1435730576d3689225a421280b7742318d1548b3d22c1f66ab68e414f346a9542f29240bc955b6332c5b11e561077583bc
  languageName: node
  linkType: hard

"@types/testing-library__jest-dom@npm:5.9.5":
  version: 5.9.5
  resolution: "@types/testing-library__jest-dom@npm:5.9.5::__archiveUrl=https%3A%2F%2Fregistry.npmjs.org%2F%40types%2Ftesting-library__jest-dom%2F-%2Ftesting-library__jest-dom-5.9.5.tgz"
  dependencies:
    "@types/jest": "*"
  checksum: f2ed81103acb52d54f992d826e3854551294618628997dc01f8955efd8c1d476d64715b79187371b09ec3e61e44cc10a7ffe1e427d1bda798552f83d18309056
  languageName: node
  linkType: hard

"@types/yargs-parser@npm:*":
  version: 20.2.1
  resolution: "@types/yargs-parser@npm:20.2.1::__archiveUrl=https%3A%2F%2Fregistry.npmjs.org%2F%40types%2Fyargs-parser%2F-%2Fyargs-parser-20.2.1.tgz"
  checksum: 1d039e64494a7a61ddd278349a3dc60b19f99ff0517425696e796f794e4252452b9d62178e69755ad03f439f9dc0c8c3d7b3a1201b3a24e134bac1a09fa11eaa
  languageName: node
  linkType: hard

"@types/yargs@npm:^15.0.0":
  version: 15.0.14
  resolution: "@types/yargs@npm:15.0.14::__archiveUrl=https%3A%2F%2Fregistry.npmjs.org%2F%40types%2Fyargs%2F-%2Fyargs-15.0.14.tgz"
  dependencies:
    "@types/yargs-parser": "*"
  checksum: 8e358aeb8f0c3758e59e2b8fcfdee5627ab2fe3d92f50f380503d966c7f33287be3322155516a50d27727fde1ad3878f48f60cd6648439126d4b0bbb1a1153ed
  languageName: node
  linkType: hard

"ansi-regex@npm:^5.0.0":
  version: 5.0.0
  resolution: "ansi-regex@npm:5.0.0::__archiveUrl=https%3A%2F%2Fregistry.npmjs.org%2Fansi-regex%2F-%2Fansi-regex-5.0.0.tgz"
  checksum: b1bb4e992a5d96327bb4f72eaba9f8047f1d808d273ad19d399e266bfcc7fb19a4d1a127a32f7bc61fe46f1a94a4d04ec4c424e3fbe184929aa866323d8ed4ce
  languageName: node
  linkType: hard

"ansi-styles@npm:^4.0.0, ansi-styles@npm:^4.1.0":
  version: 4.3.0
  resolution: "ansi-styles@npm:4.3.0::__archiveUrl=https%3A%2F%2Fregistry.npmjs.org%2Fansi-styles%2F-%2Fansi-styles-4.3.0.tgz"
  dependencies:
    color-convert: ^2.0.1
  checksum: 513b44c3b2105dd14cc42a19271e80f386466c4be574bccf60b627432f9198571ebf4ab1e4c3ba17347658f4ee1711c163d574248c0c1cdc2d5917a0ad582ec4
  languageName: node
  linkType: hard

"chalk@npm:^4.0.0":
  version: 4.1.1
  resolution: "chalk@npm:4.1.1::__archiveUrl=https%3A%2F%2Fregistry.npmjs.org%2Fchalk%2F-%2Fchalk-4.1.1.tgz"
  dependencies:
    ansi-styles: ^4.1.0
    supports-color: ^7.1.0
  checksum: 036e973e665ba1a32c975e291d5f3d549bceeb7b1b983320d4598fb75d70fe20c5db5d62971ec0fe76cdbce83985a00ee42372416abfc3a5584465005a7855ed
  languageName: node
  linkType: hard

"color-convert@npm:^2.0.1":
  version: 2.0.1
  resolution: "color-convert@npm:2.0.1::__archiveUrl=https%3A%2F%2Fregistry.npmjs.org%2Fcolor-convert%2F-%2Fcolor-convert-2.0.1.tgz"
  dependencies:
    color-name: ~1.1.4
  checksum: 79e6bdb9fd479a205c71d89574fccfb22bd9053bd98c6c4d870d65c132e5e904e6034978e55b43d69fcaa7433af2016ee203ce76eeba9cfa554b373e7f7db336
  languageName: node
  linkType: hard

"color-name@npm:~1.1.4":
  version: 1.1.4
  resolution: "color-name@npm:1.1.4::__archiveUrl=https%3A%2F%2Fregistry.npmjs.org%2Fcolor-name%2F-%2Fcolor-name-1.1.4.tgz"
  checksum: b0445859521eb4021cd0fb0cc1a75cecf67fceecae89b63f62b201cca8d345baf8b952c966862a9d9a2632987d4f6581f0ec8d957dfacece86f0a7919316f610
  languageName: node
  linkType: hard

"core-js@npm:^3.0.0":
  version: 3.15.2
  resolution: "core-js@npm:3.15.2::__archiveUrl=https%3A%2F%2Fregistry.npmjs.org%2Fcore-js%2F-%2Fcore-js-3.15.2.tgz"
  checksum: f8f61569c4c3bdf50679226f5a1045551192a2f4bc3fa46a873b6fa834cff6d1634ee138a6e4bae3eea99f1b1db2d588fa693de74640447476292b41f595a4c3
  languageName: node
  linkType: hard

"csstype@npm:^3.0.2":
  version: 3.0.8
  resolution: "csstype@npm:3.0.8::__archiveUrl=https%3A%2F%2Fregistry.npmjs.org%2Fcsstype%2F-%2Fcsstype-3.0.8.tgz"
  checksum: 5939a003858a31a32cbc52a8f45496aa0c2bcb4629b21c5bc14a7ddcac1a3d4adfd655f56843dc14940f60563378e9444af2c9c373b3f212601b9eeb6740b8db
  languageName: node
  linkType: hard

"diff-sequences@npm:^26.6.2":
  version: 26.6.2
  resolution: "diff-sequences@npm:26.6.2::__archiveUrl=https%3A%2F%2Fregistry.npmjs.org%2Fdiff-sequences%2F-%2Fdiff-sequences-26.6.2.tgz"
  checksum: 79af871776ef149a7ff3345d6b1bf37fe6e81f68632aa5542787851f6f60fba19b0be22fdd1e06046f56ae7382763ccfe94a982c39ee72bd107aef435ecbc0cf
  languageName: node
  linkType: hard

"has-flag@npm:^4.0.0":
  version: 4.0.0
  resolution: "has-flag@npm:4.0.0::__archiveUrl=https%3A%2F%2Fregistry.npmjs.org%2Fhas-flag%2F-%2Fhas-flag-4.0.0.tgz"
  checksum: 261a1357037ead75e338156b1f9452c016a37dcd3283a972a30d9e4a87441ba372c8b81f818cd0fbcd9c0354b4ae7e18b9e1afa1971164aef6d18c2b6095a8ad
  languageName: node
  linkType: hard

"jest-diff@npm:^26.0.0":
  version: 26.6.2
  resolution: "jest-diff@npm:26.6.2::__archiveUrl=https%3A%2F%2Fregistry.npmjs.org%2Fjest-diff%2F-%2Fjest-diff-26.6.2.tgz"
  dependencies:
    chalk: ^4.0.0
    diff-sequences: ^26.6.2
    jest-get-type: ^26.3.0
    pretty-format: ^26.6.2
  checksum: d00d297f31e1ac0252127089892432caa7a11c69bde29cf3bb6c7a839c8afdb95cf1fd401f9df16a4422745da2e6a5d94b428b30666a2540c38e1c5699915c2d
  languageName: node
  linkType: hard

"jest-get-type@npm:^26.3.0":
  version: 26.3.0
  resolution: "jest-get-type@npm:26.3.0::__archiveUrl=https%3A%2F%2Fregistry.npmjs.org%2Fjest-get-type%2F-%2Fjest-get-type-26.3.0.tgz"
  checksum: 1cc6465ae4f5e880be22ba52fd270fa64c21994915f81b41f8f7553a7957dd8e077cc8d03035de9412e2d739f8bad6a032ebb5dab5805692a5fb9e20dd4ea666
  languageName: node
  linkType: hard

"js-tokens@npm:^3.0.0 || ^4.0.0":
  version: 4.0.0
  resolution: "js-tokens@npm:4.0.0::__archiveUrl=https%3A%2F%2Fregistry.npmjs.org%2Fjs-tokens%2F-%2Fjs-tokens-4.0.0.tgz"
  checksum: 8a95213a5a77deb6cbe94d86340e8d9ace2b93bc367790b260101d2f36a2eaf4e4e22d9fa9cf459b38af3a32fb4190e638024cf82ec95ef708680e405ea7cc78
  languageName: node
  linkType: hard

"lit-75b179@workspace:lit/lit":
  version: 0.0.0-use.local
  resolution: "lit-75b179@workspace:lit/lit"
  languageName: unknown
  linkType: soft

"loose-envify@npm:^1.1.0":
  version: 1.4.0
  resolution: "loose-envify@npm:1.4.0::__archiveUrl=https%3A%2F%2Fregistry.npmjs.org%2Floose-envify%2F-%2Floose-envify-1.4.0.tgz"
  dependencies:
    js-tokens: ^3.0.0 || ^4.0.0
  bin:
    loose-envify: cli.js
  checksum: 6517e24e0cad87ec9888f500c5b5947032cdfe6ef65e1c1936a0c48a524b81e65542c9c3edc91c97d5bddc806ee2a985dbc79be89215d613b1de5db6d1cfe6f4
  languageName: node
  linkType: hard

"object-assign@npm:^4.1.1":
  version: 4.1.1
  resolution: "object-assign@npm:4.1.1::__archiveUrl=https%3A%2F%2Fregistry.npmjs.org%2Fobject-assign%2F-%2Fobject-assign-4.1.1.tgz"
  checksum: fcc6e4ea8c7fe48abfbb552578b1c53e0d194086e2e6bbbf59e0a536381a292f39943c6e9628af05b5528aa5e3318bb30d6b2e53cadaf5b8fe9e12c4b69af23f
  languageName: node
  linkType: hard

"pretty-format@npm:^26.0.0, pretty-format@npm:^26.6.2":
  version: 26.6.2
  resolution: "pretty-format@npm:26.6.2::__archiveUrl=https%3A%2F%2Fregistry.npmjs.org%2Fpretty-format%2F-%2Fpretty-format-26.6.2.tgz"
  dependencies:
    "@jest/types": ^26.6.2
    ansi-regex: ^5.0.0
    ansi-styles: ^4.0.0
    react-is: ^17.0.1
  checksum: e3b808404d7e1519f0df1aa1f25cee0054ab475775c6b2b8c5568ff23194a92d54bf93274139b6f584ca70fd773be4eaa754b0e03f12bb0a8d1426b07f079976
  languageName: node
  linkType: hard

"react-dom@npm:^16.8.0 || ^17.0.0":
  version: 17.0.2
  resolution: "react-dom@npm:17.0.2::__archiveUrl=https%3A%2F%2Fregistry.npmjs.org%2Freact-dom%2F-%2Freact-dom-17.0.2.tgz"
  dependencies:
    loose-envify: ^1.1.0
    object-assign: ^4.1.1
    scheduler: ^0.20.2
  peerDependencies:
    react: 17.0.2
  checksum: 1c1eaa3bca7c7228d24b70932e3d7c99e70d1d04e13bb0843bbf321582bc25d7961d6b8a6978a58a598af2af496d1cedcfb1bf65f6b0960a0a8161cb8dab743c
  languageName: node
  linkType: hard

"react-is@npm:^17.0.1":
  version: 17.0.2
  resolution: "react-is@npm:17.0.2::__archiveUrl=https%3A%2F%2Fregistry.npmjs.org%2Freact-is%2F-%2Freact-is-17.0.2.tgz"
  checksum: 9d6d111d8990dc98bc5402c1266a808b0459b5d54830bbea24c12d908b536df7883f268a7868cfaedde3dd9d4e0d574db456f84d2e6df9c4526f99bb4b5344d8
  languageName: node
  linkType: hard

"react@npm:^16.8.0 || ^17.0.0":
  version: 17.0.2
  resolution: "react@npm:17.0.2::__archiveUrl=https%3A%2F%2Fregistry.npmjs.org%2Freact%2F-%2Freact-17.0.2.tgz"
  dependencies:
    loose-envify: ^1.1.0
    object-assign: ^4.1.1
  checksum: b254cc17ce3011788330f7bbf383ab653c6848902d7936a87b09d835d091e3f295f7e9dd1597c6daac5dc80f90e778c8230218ba8ad599f74adcc11e33b9d61b
  languageName: node
  linkType: hard

"regenerator-runtime@npm:^0.13.4":
  version: 0.13.9
  resolution: "regenerator-runtime@npm:0.13.9::__archiveUrl=https%3A%2F%2Fregistry.npmjs.org%2Fregenerator-runtime%2F-%2Fregenerator-runtime-0.13.9.tgz"
  checksum: 65ed455fe5afd799e2897baf691ca21c2772e1a969d19bb0c4695757c2d96249eb74ee3553ea34a91062b2a676beedf630b4c1551cc6299afb937be1426ec55e
  languageName: node
  linkType: hard

"root-workspace-0b6124@workspace:.":
  version: 0.0.0-use.local
  resolution: "root-workspace-0b6124@workspace:."
  dependencies:
    "@babel/runtime": 7.12.18
    "@types/jest": ^26.0.0
    "@types/node": 12.20.4
    "@types/react": ^17.0.8
    "@types/react-dom": ^17.0.5
    "@types/testing-library__jest-dom": 5.9.5
    core-js: ^3.0.0
    react: ^16.8.0 || ^17.0.0
    react-dom: ^16.8.0 || ^17.0.0
  peerDependencies:
    react: ^16.8.0 || ^17.0.0
    react-dom: ^16.8.0 || ^17.0.0
  languageName: unknown
  linkType: soft

"scheduler@npm:^0.20.2":
  version: 0.20.2
  resolution: "scheduler@npm:0.20.2::__archiveUrl=https%3A%2F%2Fregistry.npmjs.org%2Fscheduler%2F-%2Fscheduler-0.20.2.tgz"
  dependencies:
    loose-envify: ^1.1.0
    object-assign: ^4.1.1
  checksum: c4b35cf967c8f0d3e65753252d0f260271f81a81e427241295c5a7b783abf4ea9e905f22f815ab66676f5313be0a25f47be582254db8f9241b259213e999b8fc
  languageName: node
  linkType: hard

"supports-color@npm:^7.1.0":
  version: 7.2.0
  resolution: "supports-color@npm:7.2.0::__archiveUrl=https%3A%2F%2Fregistry.npmjs.org%2Fsupports-color%2F-%2Fsupports-color-7.2.0.tgz"
  dependencies:
    has-flag: ^4.0.0
  checksum: 3dda818de06ebbe5b9653e07842d9479f3555ebc77e9a0280caf5a14fb877ffee9ed57007c3b78f5a6324b8dbeec648d9e97a24e2ed9fdb81ddc69ea07100f4a
  languageName: node
  linkType: hard
